// !$*UTF8*$!
{
	archiveVersion = 1;
	classes = {
	};
	objectVersion = 46;
	objects = {

/* Begin PBXBuildFile section */
		6456309A1CE0ECB100CBB607 /* main.cpp in Sources */ = {isa = PBXBuildFile; fileRef = 645630991CE0ECB100CBB607 /* main.cpp */; };
		645630A11CE0ED0100CBB607 /* libncurses.tbd in Frameworks */ = {isa = PBXBuildFile; fileRef = 645630A01CE0ED0100CBB607 /* libncurses.tbd */; };
		645630AC1CE0F0D200CBB607 /* game.cpp in Sources */ = {isa = PBXBuildFile; fileRef = 645630AA1CE0F0D200CBB607 /* game.cpp */; };
		645630AF1CE0F72700CBB607 /* sprite.cpp in Sources */ = {isa = PBXBuildFile; fileRef = 645630AD1CE0F72700CBB607 /* sprite.cpp */; };
		645630B21CE23FAB00CBB607 /* drawEngine.cpp in Sources */ = {isa = PBXBuildFile; fileRef = 645630B01CE23FAB00CBB607 /* drawEngine.cpp */; };
		645630B71CE2797C00CBB607 /* character.cpp in Sources */ = {isa = PBXBuildFile; fileRef = 645630B51CE2797C00CBB607 /* character.cpp */; };
		645630BA1CE2804500CBB607 /* level.cpp in Sources */ = {isa = PBXBuildFile; fileRef = 645630B81CE2804500CBB607 /* level.cpp */; };
		645630BD1CE2F8F100CBB607 /* enemy.cpp in Sources */ = {isa = PBXBuildFile; fileRef = 645630BB1CE2F8F100CBB607 /* enemy.cpp */; };
/* End PBXBuildFile section */

/* Begin PBXCopyFilesBuildPhase section */
		645630941CE0ECB100CBB607 /* CopyFiles */ = {
			isa = PBXCopyFilesBuildPhase;
			buildActionMask = 2147483647;
			dstPath = /usr/share/man/man1/;
			dstSubfolderSpec = 0;
			files = (
			);
			runOnlyForDeploymentPostprocessing = 1;
		};
/* End PBXCopyFilesBuildPhase section */

/* Begin PBXFileReference section */
		645630961CE0ECB100CBB607 /* evil-monkeys */ = {isa = PBXFileReference; explicitFileType = "compiled.mach-o.executable"; includeInIndex = 0; path = "evil-monkeys"; sourceTree = BUILT_PRODUCTS_DIR; };
		645630991CE0ECB100CBB607 /* main.cpp */ = {isa = PBXFileReference; lastKnownFileType = sourcecode.cpp.cpp; path = main.cpp; sourceTree = "<group>"; };
		645630A01CE0ED0100CBB607 /* libncurses.tbd */ = {isa = PBXFileReference; lastKnownFileType = "sourcecode.text-based-dylib-definition"; name = libncurses.tbd; path = usr/lib/libncurses.tbd; sourceTree = SDKROOT; };
		645630AA1CE0F0D200CBB607 /* game.cpp */ = {isa = PBXFileReference; fileEncoding = 4; lastKnownFileType = sourcecode.cpp.cpp; name = game.cpp; path = "evil-monkeys/game.cpp"; sourceTree = "<group>"; };
		645630AB1CE0F0D200CBB607 /* game.hpp */ = {isa = PBXFileReference; fileEncoding = 4; lastKnownFileType = sourcecode.cpp.h; path = game.hpp; sourceTree = "<group>"; };
		645630AD1CE0F72700CBB607 /* sprite.cpp */ = {isa = PBXFileReference; fileEncoding = 4; lastKnownFileType = sourcecode.cpp.cpp; name = sprite.cpp; path = "evil-monkeys/sprite.cpp"; sourceTree = "<group>"; };
		645630AE1CE0F72700CBB607 /* sprite.hpp */ = {isa = PBXFileReference; fileEncoding = 4; lastKnownFileType = sourcecode.cpp.h; path = sprite.hpp; sourceTree = "<group>"; };
		645630B01CE23FAB00CBB607 /* drawEngine.cpp */ = {isa = PBXFileReference; fileEncoding = 4; lastKnownFileType = sourcecode.cpp.cpp; name = drawEngine.cpp; path = "evil-monkeys/drawEngine.cpp"; sourceTree = "<group>"; };
		645630B11CE23FAB00CBB607 /* drawEngine.hpp */ = {isa = PBXFileReference; fileEncoding = 4; lastKnownFileType = sourcecode.cpp.h; path = drawEngine.hpp; sourceTree = "<group>"; };
		645630B51CE2797C00CBB607 /* character.cpp */ = {isa = PBXFileReference; fileEncoding = 4; lastKnownFileType = sourcecode.cpp.cpp; name = character.cpp; path = "evil-monkeys/character.cpp"; sourceTree = "<group>"; };
		645630B61CE2797C00CBB607 /* character.hpp */ = {isa = PBXFileReference; fileEncoding = 4; lastKnownFileType = sourcecode.cpp.h; path = character.hpp; sourceTree = "<group>"; };
		645630B81CE2804500CBB607 /* level.cpp */ = {isa = PBXFileReference; fileEncoding = 4; lastKnownFileType = sourcecode.cpp.cpp; path = level.cpp; sourceTree = "<group>"; };
		645630B91CE2804500CBB607 /* level.hpp */ = {isa = PBXFileReference; fileEncoding = 4; lastKnownFileType = sourcecode.cpp.h; name = level.hpp; path = ../level.hpp; sourceTree = "<group>"; };
		645630BB1CE2F8F100CBB607 /* enemy.cpp */ = {isa = PBXFileReference; fileEncoding = 4; lastKnownFileType = sourcecode.cpp.cpp; path = enemy.cpp; sourceTree = "<group>"; };
		645630BC1CE2F8F100CBB607 /* enemy.hpp */ = {isa = PBXFileReference; fileEncoding = 4; lastKnownFileType = sourcecode.cpp.h; name = enemy.hpp; path = ../enemy.hpp; sourceTree = "<group>"; };
/* End PBXFileReference section */

/* Begin PBXFrameworksBuildPhase section */
		645630931CE0ECB100CBB607 /* Frameworks */ = {
			isa = PBXFrameworksBuildPhase;
			buildActionMask = 2147483647;
			files = (
				645630A11CE0ED0100CBB607 /* libncurses.tbd in Frameworks */,
			);
			runOnlyForDeploymentPostprocessing = 0;
		};
/* End PBXFrameworksBuildPhase section */

/* Begin PBXGroup section */
		6456308D1CE0ECB100CBB607 = {
			isa = PBXGroup;
			children = (
				645630A01CE0ED0100CBB607 /* libncurses.tbd */,
				645630981CE0ECB100CBB607 /* evil-monkeys */,
				645630971CE0ECB100CBB607 /* Products */,
			);
			sourceTree = "<group>";
		};
		645630971CE0ECB100CBB607 /* Products */ = {
			isa = PBXGroup;
			children = (
				645630961CE0ECB100CBB607 /* evil-monkeys */,
			);
			name = Products;
			sourceTree = "<group>";
		};
		645630981CE0ECB100CBB607 /* evil-monkeys */ = {
			isa = PBXGroup;
			children = (
				645630A61CE0F03300CBB607 /* header */,
				645630A51CE0EFD700CBB607 /* source */,
				645630991CE0ECB100CBB607 /* main.cpp */,
			);
			path = "evil-monkeys";
			sourceTree = "<group>";
		};
		645630A51CE0EFD700CBB607 /* source */ = {
			isa = PBXGroup;
			children = (
				645630B51CE2797C00CBB607 /* character.cpp */,
				645630B01CE23FAB00CBB607 /* drawEngine.cpp */,
				645630AD1CE0F72700CBB607 /* sprite.cpp */,
				645630AA1CE0F0D200CBB607 /* game.cpp */,
				645630BB1CE2F8F100CBB607 /* enemy.cpp */,
				645630B81CE2804500CBB607 /* level.cpp */,
			);
			name = source;
			path = ..;
			sourceTree = "<group>";
		};
		645630A61CE0F03300CBB607 /* header */ = {
			isa = PBXGroup;
			children = (
				645630B11CE23FAB00CBB607 /* drawEngine.hpp */,
				645630B61CE2797C00CBB607 /* character.hpp */,
				645630AB1CE0F0D200CBB607 /* game.hpp */,
				645630B91CE2804500CBB607 /* level.hpp */,
				645630AE1CE0F72700CBB607 /* sprite.hpp */,
				645630BC1CE2F8F100CBB607 /* enemy.hpp */,
			);
			name = header;
			sourceTree = "<group>";
		};
/* End PBXGroup section */

/* Begin PBXNativeTarget section */
		645630951CE0ECB100CBB607 /* evil-monkeys */ = {
			isa = PBXNativeTarget;
			buildConfigurationList = 6456309D1CE0ECB100CBB607 /* Build configuration list for PBXNativeTarget "evil-monkeys" */;
			buildPhases = (
				645630921CE0ECB100CBB607 /* Sources */,
				645630931CE0ECB100CBB607 /* Frameworks */,
				645630941CE0ECB100CBB607 /* CopyFiles */,
			);
			buildRules = (
			);
			dependencies = (
			);
			name = "evil-monkeys";
			productName = "evil-monkeys";
			productReference = 645630961CE0ECB100CBB607 /* evil-monkeys */;
			productType = "com.apple.product-type.tool";
		};
/* End PBXNativeTarget section */

/* Begin PBXProject section */
		6456308E1CE0ECB100CBB607 /* Project object */ = {
			isa = PBXProject;
			attributes = {
				LastUpgradeCheck = 0730;
				ORGANIZATIONNAME = badila;
				TargetAttributes = {
					645630951CE0ECB100CBB607 = {
						CreatedOnToolsVersion = 7.3.1;
					};
				};
			};
			buildConfigurationList = 645630911CE0ECB100CBB607 /* Build configuration list for PBXProject "evil-monkeys" */;
			compatibilityVersion = "Xcode 3.2";
			developmentRegion = English;
			hasScannedForEncodings = 0;
			knownRegions = (
				en,
			);
			mainGroup = 6456308D1CE0ECB100CBB607;
			productRefGroup = 645630971CE0ECB100CBB607 /* Products */;
			projectDirPath = "";
			projectRoot = "";
			targets = (
				645630951CE0ECB100CBB607 /* evil-monkeys */,
			);
		};
/* End PBXProject section */

/* Begin PBXSourcesBuildPhase section */
		645630921CE0ECB100CBB607 /* Sources */ = {
			isa = PBXSourcesBuildPhase;
			buildActionMask = 2147483647;
			files = (
				645630B71CE2797C00CBB607 /* character.cpp in Sources */,
				6456309A1CE0ECB100CBB607 /* main.cpp in Sources */,
				645630BA1CE2804500CBB607 /* level.cpp in Sources */,
				645630AC1CE0F0D200CBB607 /* game.cpp in Sources */,
				645630AF1CE0F72700CBB607 /* sprite.cpp in Sources */,
				645630B21CE23FAB00CBB607 /* drawEngine.cpp in Sources */,
				645630BD1CE2F8F100CBB607 /* enemy.cpp in Sources */,
			);
			runOnlyForDeploymentPostprocessing = 0;
		};
/* End PBXSourcesBuildPhase section */

/* Begin XCBuildConfiguration section */
		6456309B1CE0ECB100CBB607 /* Debug */ = {
			isa = XCBuildConfiguration;
			buildSettings = {
				ALWAYS_SEARCH_USER_PATHS = NO;
				CLANG_ANALYZER_NONNULL = YES;
				CLANG_CXX_LANGUAGE_STANDARD = "gnu++0x";
				CLANG_CXX_LIBRARY = "libc++";
				CLANG_ENABLE_MODULES = YES;
				CLANG_ENABLE_OBJC_ARC = YES;
				CLANG_WARN_BOOL_CONVERSION = YES;
				CLANG_WARN_CONSTANT_CONVERSION = YES;
				CLANG_WARN_DIRECT_OBJC_ISA_USAGE = YES_ERROR;
				CLANG_WARN_EMPTY_BODY = YES;
				CLANG_WARN_ENUM_CONVERSION = YES;
				CLANG_WARN_INT_CONVERSION = YES;
				CLANG_WARN_OBJC_ROOT_CLASS = YES_ERROR;
				CLANG_WARN_UNREACHABLE_CODE = YES;
				CLANG_WARN__DUPLICATE_METHOD_MATCH = YES;
				CODE_SIGN_IDENTITY = "-";
				COPY_PHASE_STRIP = NO;
				DEBUG_INFORMATION_FORMAT = dwarf;
				ENABLE_STRICT_OBJC_MSGSEND = YES;
				ENABLE_TESTABILITY = YES;
				GCC_C_LANGUAGE_STANDARD = gnu99;
				GCC_DYNAMIC_NO_PIC = NO;
				GCC_NO_COMMON_BLOCKS = YES;
				GCC_OPTIMIZATION_LEVEL = 0;
				GCC_PREPROCESSOR_DEFINITIONS = (
					"DEBUG=1",
					"$(inherited)",
				);
				GCC_WARN_64_TO_32_BIT_CONVERSION = YES;
				GCC_WARN_ABOUT_RETURN_TYPE = YES_ERROR;
				GCC_WARN_UNDECLARED_SELECTOR = YES;
				GCC_WARN_UNINITIALIZED_AUTOS = YES_AGGRESSIVE;
				GCC_WARN_UNUSED_FUNCTION = YES;
				GCC_WARN_UNUSED_VARIABLE = YES;
				MACOSX_DEPLOYMENT_TARGET = 10.11;
				MTL_ENABLE_DEBUG_INFO = YES;
				ONLY_ACTIVE_ARCH = YES;
				SDKROOT = macosx;
			};
			name = Debug;
		};
		6456309C1CE0ECB100CBB607 /* Release */ = {
			isa = XCBuildConfiguration;
			buildSettings = {
				ALWAYS_SEARCH_USER_PATHS = NO;
				CLANG_ANALYZER_NONNULL = YES;
				CLANG_CXX_LANGUAGE_STANDARD = "gnu++0x";
				CLANG_CXX_LIBRARY = "libc++";
				CLANG_ENABLE_MODULES = YES;
				CLANG_ENABLE_OBJC_ARC = YES;
				CLANG_WARN_BOOL_CONVERSION = YES;
				CLANG_WARN_CONSTANT_CONVERSION = YES;
				CLANG_WARN_DIRECT_OBJC_ISA_USAGE = YES_ERROR;
				CLANG_WARN_EMPTY_BODY = YES;
				CLANG_WARN_ENUM_CONVERSION = YES;
				CLANG_WARN_INT_CONVERSION = YES;
				CLANG_WARN_OBJC_ROOT_CLASS = YES_ERROR;
				CLANG_WARN_UNREACHABLE_CODE = YES;
				CLANG_WARN__DUPLICATE_METHOD_MATCH = YES;
				CODE_SIGN_IDENTITY = "-";
				COPY_PHASE_STRIP = NO;
				DEBUG_INFORMATION_FORMAT = "dwarf-with-dsym";
				ENABLE_NS_ASSERTIONS = NO;
				ENABLE_STRICT_OBJC_MSGSEND = YES;
				GCC_C_LANGUAGE_STANDARD = gnu99;
				GCC_NO_COMMON_BLOCKS = YES;
				GCC_WARN_64_TO_32_BIT_CONVERSION = YES;
				GCC_WARN_ABOUT_RETURN_TYPE = YES_ERROR;
				GCC_WARN_UNDECLARED_SELECTOR = YES;
				GCC_WARN_UNINITIALIZED_AUTOS = YES_AGGRESSIVE;
				GCC_WARN_UNUSED_FUNCTION = YES;
				GCC_WARN_UNUSED_VARIABLE = YES;
				MACOSX_DEPLOYMENT_TARGET = 10.11;
				MTL_ENABLE_DEBUG_INFO = NO;
				SDKROOT = macosx;
			};
			name = Release;
		};
		6456309E1CE0ECB100CBB607 /* Debug */ = {
			isa = XCBuildConfiguration;
			buildSettings = {
				PRODUCT_NAME = "$(TARGET_NAME)";
			};
			name = Debug;
		};
		6456309F1CE0ECB100CBB607 /* Release */ = {
			isa = XCBuildConfiguration;
			buildSettings = {
				PRODUCT_NAME = "$(TARGET_NAME)";
			};
			name = Release;
		};
/* End XCBuildConfiguration section */

/* Begin XCConfigurationList section */
		645630911CE0ECB100CBB607 /* Build configuration list for PBXProject "evil-monkeys" */ = {
			isa = XCConfigurationList;
			buildConfigurations = (
				6456309B1CE0ECB100CBB607 /* Debug */,
				6456309C1CE0ECB100CBB607 /* Release */,
			);
			defaultConfigurationIsVisible = 0;
			defaultConfigurationName = Release;
		};
		6456309D1CE0ECB100CBB607 /* Build configuration list for PBXNativeTarget "evil-monkeys" */ = {
			isa = XCConfigurationList;
			buildConfigurations = (
				6456309E1CE0ECB100CBB607 /* Debug */,
				6456309F1CE0ECB100CBB607 /* Release */,
			);
			defaultConfigurationIsVisible = 0;
			defaultConfigurationName = Release;
		};
/* End XCConfigurationList section */
	};
	rootObject = 6456308E1CE0ECB100CBB607 /* Project object */;
}
