// !$*UTF8*$!
{
	archiveVersion = 1;
	classes = {
	};
	objectVersion = 46;
	objects = {

/* Begin PBXBuildFile section */
		645630A11CE0ED0100CBB607 /* libncurses.tbd in Frameworks */ = {isa = PBXBuildFile; fileRef = 645630A01CE0ED0100CBB607 /* libncurses.tbd */; };
		64DDAC5E1CE46ECC00412F48 /* main.cpp in Sources */ = {isa = PBXBuildFile; fileRef = 64DDAC581CE46ECC00412F48 /* main.cpp */; };
		64DDAC701CE4706400412F48 /* character.cpp in Sources */ = {isa = PBXBuildFile; fileRef = 64DDAC681CE4706400412F48 /* character.cpp */; };
		64DDAC711CE4706400412F48 /* drawEngine.cpp in Sources */ = {isa = PBXBuildFile; fileRef = 64DDAC691CE4706400412F48 /* drawEngine.cpp */; };
		64DDAC721CE4706400412F48 /* enemy.cpp in Sources */ = {isa = PBXBuildFile; fileRef = 64DDAC6A1CE4706400412F48 /* enemy.cpp */; };
		64DDAC731CE4706400412F48 /* fireball.cpp in Sources */ = {isa = PBXBuildFile; fileRef = 64DDAC6B1CE4706400412F48 /* fireball.cpp */; };
		64DDAC741CE4706400412F48 /* game.cpp in Sources */ = {isa = PBXBuildFile; fileRef = 64DDAC6C1CE4706400412F48 /* game.cpp */; };
		64DDAC751CE4706400412F48 /* level.cpp in Sources */ = {isa = PBXBuildFile; fileRef = 64DDAC6D1CE4706400412F48 /* level.cpp */; };
		64DDAC761CE4706400412F48 /* mage.cpp in Sources */ = {isa = PBXBuildFile; fileRef = 64DDAC6E1CE4706400412F48 /* mage.cpp */; };
		64DDAC771CE4706400412F48 /* sprite.cpp in Sources */ = {isa = PBXBuildFile; fileRef = 64DDAC6F1CE4706400412F48 /* sprite.cpp */; };
/* End PBXBuildFile section */

/* Begin PBXCopyFilesBuildPhase section */
		645630941CE0ECB100CBB607 /* CopyFiles */ = {
			isa = PBXCopyFilesBuildPhase;
			buildActionMask = 2147483647;
			dstPath = /usr/share/man/man1/;
			dstSubfolderSpec = 0;
			files = (
			);
			runOnlyForDeploymentPostprocessing = 1;
		};
/* End PBXCopyFilesBuildPhase section */

/* Begin PBXFileReference section */
		645630961CE0ECB100CBB607 /* evil-monkeys */ = {isa = PBXFileReference; explicitFileType = "compiled.mach-o.executable"; includeInIndex = 0; path = "evil-monkeys"; sourceTree = BUILT_PRODUCTS_DIR; };
		645630A01CE0ED0100CBB607 /* libncurses.tbd */ = {isa = PBXFileReference; lastKnownFileType = "sourcecode.text-based-dylib-definition"; name = libncurses.tbd; path = usr/lib/libncurses.tbd; sourceTree = SDKROOT; };
		64DDAC581CE46ECC00412F48 /* main.cpp */ = {isa = PBXFileReference; fileEncoding = 4; lastKnownFileType = sourcecode.cpp.cpp; name = main.cpp; path = ../main.cpp; sourceTree = "<group>"; };
		64DDAC601CE4705900412F48 /* character.hpp */ = {isa = PBXFileReference; fileEncoding = 4; lastKnownFileType = sourcecode.cpp.h; name = character.hpp; path = header/character.hpp; sourceTree = SOURCE_ROOT; };
		64DDAC611CE4705900412F48 /* drawEngine.hpp */ = {isa = PBXFileReference; fileEncoding = 4; lastKnownFileType = sourcecode.cpp.h; name = drawEngine.hpp; path = header/drawEngine.hpp; sourceTree = SOURCE_ROOT; };
		64DDAC621CE4705900412F48 /* enemy.hpp */ = {isa = PBXFileReference; fileEncoding = 4; lastKnownFileType = sourcecode.cpp.h; name = enemy.hpp; path = header/enemy.hpp; sourceTree = SOURCE_ROOT; };
		64DDAC631CE4705900412F48 /* fireball.hpp */ = {isa = PBXFileReference; fileEncoding = 4; lastKnownFileType = sourcecode.cpp.h; name = fireball.hpp; path = header/fireball.hpp; sourceTree = SOURCE_ROOT; };
		64DDAC641CE4705900412F48 /* game.hpp */ = {isa = PBXFileReference; fileEncoding = 4; lastKnownFileType = sourcecode.cpp.h; name = game.hpp; path = header/game.hpp; sourceTree = SOURCE_ROOT; };
		64DDAC651CE4705900412F48 /* level.hpp */ = {isa = PBXFileReference; fileEncoding = 4; lastKnownFileType = sourcecode.cpp.h; name = level.hpp; path = header/level.hpp; sourceTree = SOURCE_ROOT; };
		64DDAC661CE4705900412F48 /* mage.hpp */ = {isa = PBXFileReference; fileEncoding = 4; lastKnownFileType = sourcecode.cpp.h; name = mage.hpp; path = header/mage.hpp; sourceTree = SOURCE_ROOT; };
		64DDAC671CE4705900412F48 /* sprite.hpp */ = {isa = PBXFileReference; fileEncoding = 4; lastKnownFileType = sourcecode.cpp.h; name = sprite.hpp; path = header/sprite.hpp; sourceTree = SOURCE_ROOT; };
		64DDAC681CE4706400412F48 /* character.cpp */ = {isa = PBXFileReference; fileEncoding = 4; lastKnownFileType = sourcecode.cpp.cpp; name = character.cpp; path = source/character.cpp; sourceTree = "<group>"; };
		64DDAC691CE4706400412F48 /* drawEngine.cpp */ = {isa = PBXFileReference; fileEncoding = 4; lastKnownFileType = sourcecode.cpp.cpp; name = drawEngine.cpp; path = source/drawEngine.cpp; sourceTree = "<group>"; };
		64DDAC6A1CE4706400412F48 /* enemy.cpp */ = {isa = PBXFileReference; fileEncoding = 4; lastKnownFileType = sourcecode.cpp.cpp; name = enemy.cpp; path = source/enemy.cpp; sourceTree = "<group>"; };
		64DDAC6B1CE4706400412F48 /* fireball.cpp */ = {isa = PBXFileReference; fileEncoding = 4; lastKnownFileType = sourcecode.cpp.cpp; name = fireball.cpp; path = source/fireball.cpp; sourceTree = "<group>"; };
		64DDAC6C1CE4706400412F48 /* game.cpp */ = {isa = PBXFileReference; fileEncoding = 4; lastKnownFileType = sourcecode.cpp.cpp; name = game.cpp; path = source/game.cpp; sourceTree = "<group>"; };
		64DDAC6D1CE4706400412F48 /* level.cpp */ = {isa = PBXFileReference; fileEncoding = 4; lastKnownFileType = sourcecode.cpp.cpp; name = level.cpp; path = source/level.cpp; sourceTree = "<group>"; };
		64DDAC6E1CE4706400412F48 /* mage.cpp */ = {isa = PBXFileReference; fileEncoding = 4; lastKnownFileType = sourcecode.cpp.cpp; name = mage.cpp; path = source/mage.cpp; sourceTree = "<group>"; };
		64DDAC6F1CE4706400412F48 /* sprite.cpp */ = {isa = PBXFileReference; fileEncoding = 4; lastKnownFileType = sourcecode.cpp.cpp; name = sprite.cpp; path = source/sprite.cpp; sourceTree = "<group>"; };
/* End PBXFileReference section */

/* Begin PBXFrameworksBuildPhase section */
		645630931CE0ECB100CBB607 /* Frameworks */ = {
			isa = PBXFrameworksBuildPhase;
			buildActionMask = 2147483647;
			files = (
				645630A11CE0ED0100CBB607 /* libncurses.tbd in Frameworks */,
			);
			runOnlyForDeploymentPostprocessing = 0;
		};
/* End PBXFrameworksBuildPhase section */

/* Begin PBXGroup section */
		6456308D1CE0ECB100CBB607 = {
			isa = PBXGroup;
			children = (
				645630A01CE0ED0100CBB607 /* libncurses.tbd */,
				645630981CE0ECB100CBB607 /* evil-monkeys */,
				645630971CE0ECB100CBB607 /* Products */,
			);
			sourceTree = "<group>";
		};
		645630971CE0ECB100CBB607 /* Products */ = {
			isa = PBXGroup;
			children = (
				645630961CE0ECB100CBB607 /* evil-monkeys */,
			);
			name = Products;
			sourceTree = "<group>";
		};
		645630981CE0ECB100CBB607 /* evil-monkeys */ = {
			isa = PBXGroup;
			children = (
				64DDAC581CE46ECC00412F48 /* main.cpp */,
				645630A61CE0F03300CBB607 /* header */,
				645630A51CE0EFD700CBB607 /* source */,
			);
			path = "evil-monkeys";
			sourceTree = "<group>";
		};
		645630A51CE0EFD700CBB607 /* source */ = {
			isa = PBXGroup;
			children = (
				64DDAC681CE4706400412F48 /* character.cpp */,
				64DDAC691CE4706400412F48 /* drawEngine.cpp */,
				64DDAC6A1CE4706400412F48 /* enemy.cpp */,
				64DDAC6B1CE4706400412F48 /* fireball.cpp */,
				64DDAC6C1CE4706400412F48 /* game.cpp */,
				64DDAC6D1CE4706400412F48 /* level.cpp */,
				64DDAC6E1CE4706400412F48 /* mage.cpp */,
				64DDAC6F1CE4706400412F48 /* sprite.cpp */,
			);
			name = source;
			path = ..;
			sourceTree = "<group>";
		};
		645630A61CE0F03300CBB607 /* header */ = {
			isa = PBXGroup;
			children = (
				64DDAC601CE4705900412F48 /* character.hpp */,
				64DDAC611CE4705900412F48 /* drawEngine.hpp */,
				64DDAC621CE4705900412F48 /* enemy.hpp */,
				64DDAC631CE4705900412F48 /* fireball.hpp */,
				64DDAC641CE4705900412F48 /* game.hpp */,
				64DDAC651CE4705900412F48 /* level.hpp */,
				64DDAC661CE4705900412F48 /* mage.hpp */,
				64DDAC671CE4705900412F48 /* sprite.hpp */,
			);
			name = header;
			sourceTree = "<group>";
		};
/* End PBXGroup section */

/* Begin PBXNativeTarget section */
		645630951CE0ECB100CBB607 /* evil-monkeys */ = {
			isa = PBXNativeTarget;
			buildConfigurationList = 6456309D1CE0ECB100CBB607 /* Build configuration list for PBXNativeTarget "evil-monkeys" */;
			buildPhases = (
				645630921CE0ECB100CBB607 /* Sources */,
				645630931CE0ECB100CBB607 /* Frameworks */,
				645630941CE0ECB100CBB607 /* CopyFiles */,
			);
			buildRules = (
			);
			dependencies = (
			);
			name = "evil-monkeys";
			productName = "evil-monkeys";
			productReference = 645630961CE0ECB100CBB607 /* evil-monkeys */;
			productType = "com.apple.product-type.tool";
		};
/* End PBXNativeTarget section */

/* Begin PBXProject section */
		6456308E1CE0ECB100CBB607 /* Project object */ = {
			isa = PBXProject;
			attributes = {
				LastUpgradeCheck = 0730;
				ORGANIZATIONNAME = badila;
				TargetAttributes = {
					645630951CE0ECB100CBB607 = {
						CreatedOnToolsVersion = 7.3.1;
					};
				};
			};
			buildConfigurationList = 645630911CE0ECB100CBB607 /* Build configuration list for PBXProject "evil-monkeys" */;
			compatibilityVersion = "Xcode 3.2";
			developmentRegion = English;
			hasScannedForEncodings = 0;
			knownRegions = (
				en,
			);
			mainGroup = 6456308D1CE0ECB100CBB607;
			productRefGroup = 645630971CE0ECB100CBB607 /* Products */;
			projectDirPath = "";
			projectRoot = "";
			targets = (
				645630951CE0ECB100CBB607 /* evil-monkeys */,
			);
		};
/* End PBXProject section */

/* Begin PBXSourcesBuildPhase section */
		645630921CE0ECB100CBB607 /* Sources */ = {
			isa = PBXSourcesBuildPhase;
			buildActionMask = 2147483647;
			files = (
				64DDAC751CE4706400412F48 /* level.cpp in Sources */,
				64DDAC721CE4706400412F48 /* enemy.cpp in Sources */,
				64DDAC5E1CE46ECC00412F48 /* main.cpp in Sources */,
				64DDAC761CE4706400412F48 /* mage.cpp in Sources */,
				64DDAC701CE4706400412F48 /* character.cpp in Sources */,
				64DDAC711CE4706400412F48 /* drawEngine.cpp in Sources */,
				64DDAC731CE4706400412F48 /* fireball.cpp in Sources */,
				64DDAC741CE4706400412F48 /* game.cpp in Sources */,
				64DDAC771CE4706400412F48 /* sprite.cpp in Sources */,
			);
			runOnlyForDeploymentPostprocessing = 0;
		};
/* End PBXSourcesBuildPhase section */

/* Begin XCBuildConfiguration section */
		6456309B1CE0ECB100CBB607 /* Debug */ = {
			isa = XCBuildConfiguration;
			buildSettings = {
				ALWAYS_SEARCH_USER_PATHS = NO;
				CLANG_ANALYZER_NONNULL = YES;
				CLANG_CXX_LANGUAGE_STANDARD = "gnu++0x";
				CLANG_CXX_LIBRARY = "libc++";
				CLANG_ENABLE_MODULES = YES;
				CLANG_ENABLE_OBJC_ARC = YES;
				CLANG_WARN_BOOL_CONVERSION = YES;
				CLANG_WARN_CONSTANT_CONVERSION = YES;
				CLANG_WARN_DIRECT_OBJC_ISA_USAGE = YES_ERROR;
				CLANG_WARN_EMPTY_BODY = YES;
				CLANG_WARN_ENUM_CONVERSION = YES;
				CLANG_WARN_INT_CONVERSION = YES;
				CLANG_WARN_OBJC_ROOT_CLASS = YES_ERROR;
				CLANG_WARN_UNREACHABLE_CODE = YES;
				CLANG_WARN__DUPLICATE_METHOD_MATCH = YES;
				CODE_SIGN_IDENTITY = "-";
				COPY_PHASE_STRIP = NO;
				DEBUG_INFORMATION_FORMAT = dwarf;
				ENABLE_STRICT_OBJC_MSGSEND = YES;
				ENABLE_TESTABILITY = YES;
				GCC_C_LANGUAGE_STANDARD = gnu99;
				GCC_DYNAMIC_NO_PIC = NO;
				GCC_NO_COMMON_BLOCKS = YES;
				GCC_OPTIMIZATION_LEVEL = 0;
				GCC_PREPROCESSOR_DEFINITIONS = (
					"DEBUG=1",
					"$(inherited)",
				);
				GCC_WARN_64_TO_32_BIT_CONVERSION = YES;
				GCC_WARN_ABOUT_RETURN_TYPE = YES_ERROR;
				GCC_WARN_UNDECLARED_SELECTOR = YES;
				GCC_WARN_UNINITIALIZED_AUTOS = YES_AGGRESSIVE;
				GCC_WARN_UNUSED_FUNCTION = YES;
				GCC_WARN_UNUSED_VARIABLE = YES;
				MACOSX_DEPLOYMENT_TARGET = 10.11;
				MTL_ENABLE_DEBUG_INFO = YES;
				ONLY_ACTIVE_ARCH = YES;
				SDKROOT = macosx;
				USER_HEADER_SEARCH_PATHS = "/Users/phuong/Desktop/test/evil-monkeys";
			};
			name = Debug;
		};
		6456309C1CE0ECB100CBB607 /* Release */ = {
			isa = XCBuildConfiguration;
			buildSettings = {
				ALWAYS_SEARCH_USER_PATHS = NO;
				CLANG_ANALYZER_NONNULL = YES;
				CLANG_CXX_LANGUAGE_STANDARD = "gnu++0x";
				CLANG_CXX_LIBRARY = "libc++";
				CLANG_ENABLE_MODULES = YES;
				CLANG_ENABLE_OBJC_ARC = YES;
				CLANG_WARN_BOOL_CONVERSION = YES;
				CLANG_WARN_CONSTANT_CONVERSION = YES;
				CLANG_WARN_DIRECT_OBJC_ISA_USAGE = YES_ERROR;
				CLANG_WARN_EMPTY_BODY = YES;
				CLANG_WARN_ENUM_CONVERSION = YES;
				CLANG_WARN_INT_CONVERSION = YES;
				CLANG_WARN_OBJC_ROOT_CLASS = YES_ERROR;
				CLANG_WARN_UNREACHABLE_CODE = YES;
				CLANG_WARN__DUPLICATE_METHOD_MATCH = YES;
				CODE_SIGN_IDENTITY = "-";
				COPY_PHASE_STRIP = NO;
				DEBUG_INFORMATION_FORMAT = "dwarf-with-dsym";
				ENABLE_NS_ASSERTIONS = NO;
				ENABLE_STRICT_OBJC_MSGSEND = YES;
				GCC_C_LANGUAGE_STANDARD = gnu99;
				GCC_NO_COMMON_BLOCKS = YES;
				GCC_WARN_64_TO_32_BIT_CONVERSION = YES;
				GCC_WARN_ABOUT_RETURN_TYPE = YES_ERROR;
				GCC_WARN_UNDECLARED_SELECTOR = YES;
				GCC_WARN_UNINITIALIZED_AUTOS = YES_AGGRESSIVE;
				GCC_WARN_UNUSED_FUNCTION = YES;
				GCC_WARN_UNUSED_VARIABLE = YES;
				MACOSX_DEPLOYMENT_TARGET = 10.11;
				MTL_ENABLE_DEBUG_INFO = NO;
				SDKROOT = macosx;
				USER_HEADER_SEARCH_PATHS = "/Users/phuong/Desktop/test/evil-monkeys";
			};
			name = Release;
		};
		6456309E1CE0ECB100CBB607 /* Debug */ = {
			isa = XCBuildConfiguration;
			buildSettings = {
				PRODUCT_NAME = "$(TARGET_NAME)";
			};
			name = Debug;
		};
		6456309F1CE0ECB100CBB607 /* Release */ = {
			isa = XCBuildConfiguration;
			buildSettings = {
				PRODUCT_NAME = "$(TARGET_NAME)";
			};
			name = Release;
		};
/* End XCBuildConfiguration section */

/* Begin XCConfigurationList section */
		645630911CE0ECB100CBB607 /* Build configuration list for PBXProject "evil-monkeys" */ = {
			isa = XCConfigurationList;
			buildConfigurations = (
				6456309B1CE0ECB100CBB607 /* Debug */,
				6456309C1CE0ECB100CBB607 /* Release */,
			);
			defaultConfigurationIsVisible = 0;
			defaultConfigurationName = Release;
		};
		6456309D1CE0ECB100CBB607 /* Build configuration list for PBXNativeTarget "evil-monkeys" */ = {
			isa = XCConfigurationList;
			buildConfigurations = (
				6456309E1CE0ECB100CBB607 /* Debug */,
				6456309F1CE0ECB100CBB607 /* Release */,
			);
			defaultConfigurationIsVisible = 0;
			defaultConfigurationName = Release;
		};
/* End XCConfigurationList section */
	};
	rootObject = 6456308E1CE0ECB100CBB607 /* Project object */;
}
